
Microsoft Visual Studio Solution File, Format Version 12.00
# Visual Studio Version 17
VisualStudioVersion = 17.9.34902.65
MinimumVisualStudioVersion = 10.0.40219.1
Project("{FAE04EC0-301F-11D3-BF4B-00C04F79EFBC}") = "FlexHEXRecentFilesCleanup", "FlexHEXRecentFilesCleanup.csproj", "{AB323ECC-892E-4602-9051-24F9D998A119}"
EndProject
Global
	GlobalSection(SolutionConfigurationPlatforms) = preSolution
		Debug|Any CPU = Debug|Any CPU
		Release|Any CPU = Release|Any CPU
	EndGlobalSection
	GlobalSection(ProjectConfigurationPlatforms) = postSolution
		{AB323ECC-892E-4602-9051-24F9D998A119}.Debug|Any CPU.ActiveCfg = Debug|Any CPU
		{AB323ECC-892E-4602-9051-24F9D998A119}.Debug|Any CPU.Build.0 = Debug|Any CPU
		{AB323ECC-892E-4602-9051-24F9D998A119}.Release|Any CPU.ActiveCfg = Release|Any CPU
		{AB323ECC-892E-4602-9051-24F9D998A119}.Release|Any CPU.Build.0 = Release|Any CPU
	EndGlobalSection
	GlobalSection(SolutionProperties) = preSolution
		HideSolutionNode = FALSE
	EndGlobalSection
	GlobalSection(ExtensibilityGlobals) = postSolution
		SolutionGuid = {369644C7-5699-4EC1-AD43-CF97122D6927}
	EndGlobalSection
EndGlobal
